
Microsoft Visual Studio Solution File, Format Version 12.00
# Visual Studio Version 16
VisualStudioVersion = 16.0.31702.126
MinimumVisualStudioVersion = 10.0.40219.1
Project("{FAE04EC0-301F-11D3-BF4B-00C04F79EFBC}") = "LifeStyle", "LifeStyle\LifeStyle.csproj", "{21187C39-9715-4030-AFDF-66070AD3943F}"
EndProject
Global
	GlobalSection(SolutionConfigurationPlatforms) = preSolution
		Debug|Any CPU = Debug|Any CPU
		Release|Any CPU = Release|Any CPU
	EndGlobalSection
	GlobalSection(ProjectConfigurationPlatforms) = postSolution
		{21187C39-9715-4030-AFDF-66070AD3943F}.Debug|Any CPU.ActiveCfg = Debug|Any CPU
		{21187C39-9715-4030-AFDF-66070AD3943F}.Debug|Any CPU.Build.0 = Debug|Any CPU
		{21187C39-9715-4030-AFDF-66070AD3943F}.Release|Any CPU.ActiveCfg = Release|Any CPU
		{21187C39-9715-4030-AFDF-66070AD3943F}.Release|Any CPU.Build.0 = Release|Any CPU
	EndGlobalSection
	GlobalSection(SolutionProperties) = preSolution
		HideSolutionNode = FALSE
	EndGlobalSection
	GlobalSection(ExtensibilityGlobals) = postSolution
		SolutionGuid = {A66D865A-FBD4-4439-9016-E8348DFB3747}
	EndGlobalSection
EndGlobal
